// !$*UTF8*$!
{
	archiveVersion = 1;
	classes = {
	};
	objectVersion = 55;
	objects = {

/* Begin PBXBuildFile section */
		71536D212C9B8C79005272DA /* DictionaryView.swift in Sources */ = {isa = PBXBuildFile; fileRef = 71536D202C9B8C79005272DA /* DictionaryView.swift */; };
		716A0F922C9C630300537B25 /* FavoritesView.swift in Sources */ = {isa = PBXBuildFile; fileRef = 716A0F912C9C630300537B25 /* FavoritesView.swift */; };
		716A0F942C9C671100537B25 /* DetailView.swift in Sources */ = {isa = PBXBuildFile; fileRef = 716A0F932C9C671100537B25 /* DetailView.swift */; };
		716A0F962C9C7E5F00537B25 /* DataLoader.swift in Sources */ = {isa = PBXBuildFile; fileRef = 716A0F952C9C7E5F00537B25 /* DataLoader.swift */; };
		717074852C9B11F000775317 /* SettingsView.swift in Sources */ = {isa = PBXBuildFile; fileRef = 717074842C9B11F000775317 /* SettingsView.swift */; };
		717074872C9B1D8E00775317 /* LanguageManager.swift in Sources */ = {isa = PBXBuildFile; fileRef = 717074862C9B1D8E00775317 /* LanguageManager.swift */; };
		717074892C9B30D900775317 /* Bundle+Extensions.swift in Sources */ = {isa = PBXBuildFile; fileRef = 717074882C9B30D800775317 /* Bundle+Extensions.swift */; };
		7170748B2C9B330100775317 /* LanguageViewModel.swift in Sources */ = {isa = PBXBuildFile; fileRef = 7170748A2C9B330100775317 /* LanguageViewModel.swift */; };
		71BB72D12C9A403300138B14 /* mon2engdictApp.swift in Sources */ = {isa = PBXBuildFile; fileRef = 71BB72D02C9A403300138B14 /* mon2engdictApp.swift */; };
		71BB72D32C9A403300138B14 /* ContentView.swift in Sources */ = {isa = PBXBuildFile; fileRef = 71BB72D22C9A403300138B14 /* ContentView.swift */; };
		71BB72D52C9A403600138B14 /* Assets.xcassets in Resources */ = {isa = PBXBuildFile; fileRef = 71BB72D42C9A403600138B14 /* Assets.xcassets */; };
		71BB72D82C9A403600138B14 /* Preview Assets.xcassets in Resources */ = {isa = PBXBuildFile; fileRef = 71BB72D72C9A403600138B14 /* Preview Assets.xcassets */; };
		71BB72DA2C9A403600138B14 /* Persistence.swift in Sources */ = {isa = PBXBuildFile; fileRef = 71BB72D92C9A403600138B14 /* Persistence.swift */; };
		71BB72DD2C9A403600138B14 /* mon2engdict.xcdatamodeld in Sources */ = {isa = PBXBuildFile; fileRef = 71BB72DB2C9A403600138B14 /* mon2engdict.xcdatamodeld */; };
		71BB72E52C9A441A00138B14 /* Pyidaungsu-2.5.3_Regular.ttf in Resources */ = {isa = PBXBuildFile; fileRef = 71BB72E42C9A441A00138B14 /* Pyidaungsu-2.5.3_Regular.ttf */; };
		71BB72E72C9A444D00138B14 /* Mon3Anonta1.ttf in Resources */ = {isa = PBXBuildFile; fileRef = 71BB72E62C9A444D00138B14 /* Mon3Anonta1.ttf */; };
		71BB72EA2C9A44B700138B14 /* Localizable.strings in Resources */ = {isa = PBXBuildFile; fileRef = 71BB72EC2C9A44B700138B14 /* Localizable.strings */; };
		71BB72EE2C9A461A00138B14 /* mondict.json in Resources */ = {isa = PBXBuildFile; fileRef = 71BB72ED2C9A461A00138B14 /* mondict.json */; };
		71E57BA62C9EB52500FE6AC7 /* AddWordView.swift in Sources */ = {isa = PBXBuildFile; fileRef = 71E57BA52C9EB52500FE6AC7 /* AddWordView.swift */; };
		71E57BAE2C9EE37F00FE6AC7 /* Launch Screen.storyboard in Resources */ = {isa = PBXBuildFile; fileRef = 71E57BAD2C9EE37F00FE6AC7 /* Launch Screen.storyboard */; };
		71E57BB12C9F0AEF00FE6AC7 /* GoogleMobileAds in Frameworks */ = {isa = PBXBuildFile; productRef = 71E57BB02C9F0AEF00FE6AC7 /* GoogleMobileAds */; };
		71E57BB32C9F0CF700FE6AC7 /* AdMobInterstitial.swift in Sources */ = {isa = PBXBuildFile; fileRef = 71E57BB22C9F0CF700FE6AC7 /* AdMobInterstitial.swift */; };
/* End PBXBuildFile section */

/* Begin PBXFileReference section */
		71536D202C9B8C79005272DA /* DictionaryView.swift */ = {isa = PBXFileReference; lastKnownFileType = sourcecode.swift; path = DictionaryView.swift; sourceTree = "<group>"; };
		716A0F912C9C630300537B25 /* FavoritesView.swift */ = {isa = PBXFileReference; lastKnownFileType = sourcecode.swift; path = FavoritesView.swift; sourceTree = "<group>"; };
		716A0F932C9C671100537B25 /* DetailView.swift */ = {isa = PBXFileReference; lastKnownFileType = sourcecode.swift; path = DetailView.swift; sourceTree = "<group>"; };
		716A0F952C9C7E5F00537B25 /* DataLoader.swift */ = {isa = PBXFileReference; lastKnownFileType = sourcecode.swift; path = DataLoader.swift; sourceTree = "<group>"; };
		717074822C9B10B700775317 /* Info.plist */ = {isa = PBXFileReference; lastKnownFileType = text.plist; path = Info.plist; sourceTree = "<group>"; };
		717074832C9B110600775317 /* en */ = {isa = PBXFileReference; lastKnownFileType = text.plist.strings; name = en; path = en.lproj/Localizable.strings; sourceTree = "<group>"; };
		717074842C9B11F000775317 /* SettingsView.swift */ = {isa = PBXFileReference; lastKnownFileType = sourcecode.swift; path = SettingsView.swift; sourceTree = "<group>"; };
		717074862C9B1D8E00775317 /* LanguageManager.swift */ = {isa = PBXFileReference; lastKnownFileType = sourcecode.swift; path = LanguageManager.swift; sourceTree = "<group>"; };
		717074882C9B30D800775317 /* Bundle+Extensions.swift */ = {isa = PBXFileReference; lastKnownFileType = sourcecode.swift; path = "Bundle+Extensions.swift"; sourceTree = "<group>"; };
		7170748A2C9B330100775317 /* LanguageViewModel.swift */ = {isa = PBXFileReference; lastKnownFileType = sourcecode.swift; path = LanguageViewModel.swift; sourceTree = "<group>"; };
		71BB72CD2C9A403300138B14 /* mon2engdict.app */ = {isa = PBXFileReference; explicitFileType = wrapper.application; includeInIndex = 0; path = mon2engdict.app; sourceTree = BUILT_PRODUCTS_DIR; };
		71BB72D02C9A403300138B14 /* mon2engdictApp.swift */ = {isa = PBXFileReference; lastKnownFileType = sourcecode.swift; path = mon2engdictApp.swift; sourceTree = "<group>"; };
		71BB72D22C9A403300138B14 /* ContentView.swift */ = {isa = PBXFileReference; lastKnownFileType = sourcecode.swift; path = ContentView.swift; sourceTree = "<group>"; };
		71BB72D42C9A403600138B14 /* Assets.xcassets */ = {isa = PBXFileReference; lastKnownFileType = folder.assetcatalog; path = Assets.xcassets; sourceTree = "<group>"; };
		71BB72D72C9A403600138B14 /* Preview Assets.xcassets */ = {isa = PBXFileReference; lastKnownFileType = folder.assetcatalog; path = "Preview Assets.xcassets"; sourceTree = "<group>"; };
		71BB72D92C9A403600138B14 /* Persistence.swift */ = {isa = PBXFileReference; lastKnownFileType = sourcecode.swift; path = Persistence.swift; sourceTree = "<group>"; };
		71BB72DC2C9A403600138B14 /* mon2engdict.xcdatamodel */ = {isa = PBXFileReference; lastKnownFileType = wrapper.xcdatamodel; path = mon2engdict.xcdatamodel; sourceTree = "<group>"; };
		71BB72E42C9A441A00138B14 /* Pyidaungsu-2.5.3_Regular.ttf */ = {isa = PBXFileReference; lastKnownFileType = file; path = "Pyidaungsu-2.5.3_Regular.ttf"; sourceTree = "<group>"; };
		71BB72E62C9A444D00138B14 /* Mon3Anonta1.ttf */ = {isa = PBXFileReference; lastKnownFileType = file; path = Mon3Anonta1.ttf; sourceTree = "<group>"; };
		71BB72EB2C9A44B700138B14 /* my-MM */ = {isa = PBXFileReference; lastKnownFileType = text.plist.strings; name = "my-MM"; path = "my-MM.lproj/Localizable.strings"; sourceTree = "<group>"; };
		71BB72ED2C9A461A00138B14 /* mondict.json */ = {isa = PBXFileReference; fileEncoding = 4; lastKnownFileType = text.json; path = mondict.json; sourceTree = "<group>"; };
		71E57BA52C9EB52500FE6AC7 /* AddWordView.swift */ = {isa = PBXFileReference; lastKnownFileType = sourcecode.swift; path = AddWordView.swift; sourceTree = "<group>"; };
		71E57BAD2C9EE37F00FE6AC7 /* Launch Screen.storyboard */ = {isa = PBXFileReference; lastKnownFileType = file.storyboard; path = "Launch Screen.storyboard"; sourceTree = "<group>"; };
		71E57BB22C9F0CF700FE6AC7 /* AdMobInterstitial.swift */ = {isa = PBXFileReference; lastKnownFileType = sourcecode.swift; path = AdMobInterstitial.swift; sourceTree = "<group>"; };
/* End PBXFileReference section */

/* Begin PBXFrameworksBuildPhase section */
		71BB72CA2C9A403300138B14 /* Frameworks */ = {
			isa = PBXFrameworksBuildPhase;
			buildActionMask = 2147483647;
			files = (
				71E57BB12C9F0AEF00FE6AC7 /* GoogleMobileAds in Frameworks */,
			);
			runOnlyForDeploymentPostprocessing = 0;
		};
/* End PBXFrameworksBuildPhase section */

/* Begin PBXGroup section */
		717074802C9B0CC400775317 /* Views */ = {
			isa = PBXGroup;
			children = (
				717074842C9B11F000775317 /* SettingsView.swift */,
				71536D202C9B8C79005272DA /* DictionaryView.swift */,
				716A0F912C9C630300537B25 /* FavoritesView.swift */,
				716A0F932C9C671100537B25 /* DetailView.swift */,
				71E57BA52C9EB52500FE6AC7 /* AddWordView.swift */,
			);
			path = Views;
			sourceTree = "<group>";
		};
		717074812C9B0CE200775317 /* DataModel */ = {
			isa = PBXGroup;
			children = (
				71BB72DB2C9A403600138B14 /* mon2engdict.xcdatamodeld */,
				71BB72ED2C9A461A00138B14 /* mondict.json */,
				717074862C9B1D8E00775317 /* LanguageManager.swift */,
				7170748A2C9B330100775317 /* LanguageViewModel.swift */,
				717074882C9B30D800775317 /* Bundle+Extensions.swift */,
				716A0F952C9C7E5F00537B25 /* DataLoader.swift */,
				71E57BB22C9F0CF700FE6AC7 /* AdMobInterstitial.swift */,
			);
			path = DataModel;
			sourceTree = "<group>";
		};
		71BB72C42C9A403300138B14 = {
			isa = PBXGroup;
			children = (
				71BB72CF2C9A403300138B14 /* mon2engdict */,
				71BB72CE2C9A403300138B14 /* Products */,
			);
			sourceTree = "<group>";
		};
		71BB72CE2C9A403300138B14 /* Products */ = {
			isa = PBXGroup;
			children = (
				71BB72CD2C9A403300138B14 /* mon2engdict.app */,
			);
			name = Products;
			sourceTree = "<group>";
		};
		71BB72CF2C9A403300138B14 /* mon2engdict */ = {
			isa = PBXGroup;
			children = (
				71E57BAD2C9EE37F00FE6AC7 /* Launch Screen.storyboard */,
				717074822C9B10B700775317 /* Info.plist */,
				717074812C9B0CE200775317 /* DataModel */,
				717074802C9B0CC400775317 /* Views */,
				71BB72E32C9A43F600138B14 /* Helper */,
				71BB72D02C9A403300138B14 /* mon2engdictApp.swift */,
				71BB72D42C9A403600138B14 /* Assets.xcassets */,
				71BB72D22C9A403300138B14 /* ContentView.swift */,
				71BB72D92C9A403600138B14 /* Persistence.swift */,
				71BB72D62C9A403600138B14 /* Preview Content */,
			);
			path = mon2engdict;
			sourceTree = "<group>";
		};
		71BB72D62C9A403600138B14 /* Preview Content */ = {
			isa = PBXGroup;
			children = (
				71BB72D72C9A403600138B14 /* Preview Assets.xcassets */,
			);
			path = "Preview Content";
			sourceTree = "<group>";
		};
		71BB72E32C9A43F600138B14 /* Helper */ = {
			isa = PBXGroup;
			children = (
				71BB72E62C9A444D00138B14 /* Mon3Anonta1.ttf */,
				71BB72E42C9A441A00138B14 /* Pyidaungsu-2.5.3_Regular.ttf */,
				71BB72EC2C9A44B700138B14 /* Localizable.strings */,
			);
			path = Helper;
			sourceTree = "<group>";
		};
/* End PBXGroup section */

/* Begin PBXNativeTarget section */
		71BB72CC2C9A403300138B14 /* mon2engdict */ = {
			isa = PBXNativeTarget;
			buildConfigurationList = 71BB72E02C9A403600138B14 /* Build configuration list for PBXNativeTarget "mon2engdict" */;
			buildPhases = (
				71BB72C92C9A403300138B14 /* Sources */,
				71BB72CA2C9A403300138B14 /* Frameworks */,
				71BB72CB2C9A403300138B14 /* Resources */,
			);
			buildRules = (
			);
			dependencies = (
			);
			name = mon2engdict;
			packageProductDependencies = (
				71E57BB02C9F0AEF00FE6AC7 /* GoogleMobileAds */,
			);
			productName = mon2engdict;
			productReference = 71BB72CD2C9A403300138B14 /* mon2engdict.app */;
			productType = "com.apple.product-type.application";
		};
/* End PBXNativeTarget section */

/* Begin PBXProject section */
		71BB72C52C9A403300138B14 /* Project object */ = {
			isa = PBXProject;
			attributes = {
				BuildIndependentTargetsInParallel = 1;
				LastSwiftUpdateCheck = 1320;
				LastUpgradeCheck = 1540;
				TargetAttributes = {
					71BB72CC2C9A403300138B14 = {
						CreatedOnToolsVersion = 13.2.1;
					};
				};
			};
			buildConfigurationList = 71BB72C82C9A403300138B14 /* Build configuration list for PBXProject "mon2engdict" */;
			compatibilityVersion = "Xcode 13.0";
			developmentRegion = en;
			hasScannedForEncodings = 0;
			knownRegions = (
				en,
				Base,
				"my-MM",
			);
			mainGroup = 71BB72C42C9A403300138B14;
			packageReferences = (
				71E57BAF2C9F0AEF00FE6AC7 /* XCRemoteSwiftPackageReference "swift-package-manager-google-mobile-ads" */,
			);
			productRefGroup = 71BB72CE2C9A403300138B14 /* Products */;
			projectDirPath = "";
			projectRoot = "";
			targets = (
				71BB72CC2C9A403300138B14 /* mon2engdict */,
			);
		};
/* End PBXProject section */

/* Begin PBXResourcesBuildPhase section */
		71BB72CB2C9A403300138B14 /* Resources */ = {
			isa = PBXResourcesBuildPhase;
			buildActionMask = 2147483647;
			files = (
				71BB72E52C9A441A00138B14 /* Pyidaungsu-2.5.3_Regular.ttf in Resources */,
				71BB72D82C9A403600138B14 /* Preview Assets.xcassets in Resources */,
				71BB72E72C9A444D00138B14 /* Mon3Anonta1.ttf in Resources */,
				71BB72EA2C9A44B700138B14 /* Localizable.strings in Resources */,
				71BB72EE2C9A461A00138B14 /* mondict.json in Resources */,
				71BB72D52C9A403600138B14 /* Assets.xcassets in Resources */,
				71E57BAE2C9EE37F00FE6AC7 /* Launch Screen.storyboard in Resources */,
			);
			runOnlyForDeploymentPostprocessing = 0;
		};
/* End PBXResourcesBuildPhase section */

/* Begin PBXSourcesBuildPhase section */
		71BB72C92C9A403300138B14 /* Sources */ = {
			isa = PBXSourcesBuildPhase;
			buildActionMask = 2147483647;
			files = (
				716A0F922C9C630300537B25 /* FavoritesView.swift in Sources */,
				717074852C9B11F000775317 /* SettingsView.swift in Sources */,
				71BB72DA2C9A403600138B14 /* Persistence.swift in Sources */,
				7170748B2C9B330100775317 /* LanguageViewModel.swift in Sources */,
				71BB72D32C9A403300138B14 /* ContentView.swift in Sources */,
				716A0F942C9C671100537B25 /* DetailView.swift in Sources */,
				717074872C9B1D8E00775317 /* LanguageManager.swift in Sources */,
				71BB72DD2C9A403600138B14 /* mon2engdict.xcdatamodeld in Sources */,
				716A0F962C9C7E5F00537B25 /* DataLoader.swift in Sources */,
				71E57BB32C9F0CF700FE6AC7 /* AdMobInterstitial.swift in Sources */,
				71E57BA62C9EB52500FE6AC7 /* AddWordView.swift in Sources */,
				71BB72D12C9A403300138B14 /* mon2engdictApp.swift in Sources */,
				71536D212C9B8C79005272DA /* DictionaryView.swift in Sources */,
				717074892C9B30D900775317 /* Bundle+Extensions.swift in Sources */,
			);
			runOnlyForDeploymentPostprocessing = 0;
		};
/* End PBXSourcesBuildPhase section */

/* Begin PBXVariantGroup section */
		71BB72EC2C9A44B700138B14 /* Localizable.strings */ = {
			isa = PBXVariantGroup;
			children = (
				71BB72EB2C9A44B700138B14 /* my-MM */,
				717074832C9B110600775317 /* en */,
			);
			name = Localizable.strings;
			sourceTree = "<group>";
		};
/* End PBXVariantGroup section */

/* Begin XCBuildConfiguration section */
		71BB72DE2C9A403600138B14 /* Debug */ = {
			isa = XCBuildConfiguration;
			buildSettings = {
				ALWAYS_SEARCH_USER_PATHS = NO;
				ASSETCATALOG_COMPILER_GENERATE_SWIFT_ASSET_SYMBOL_EXTENSIONS = YES;
				CLANG_ANALYZER_LOCALIZABILITY_NONLOCALIZED = YES;
				CLANG_ANALYZER_NONNULL = YES;
				CLANG_ANALYZER_NUMBER_OBJECT_CONVERSION = YES_AGGRESSIVE;
				CLANG_CXX_LANGUAGE_STANDARD = "gnu++17";
				CLANG_CXX_LIBRARY = "libc++";
				CLANG_ENABLE_MODULES = YES;
				CLANG_ENABLE_OBJC_ARC = YES;
				CLANG_ENABLE_OBJC_WEAK = YES;
				CLANG_WARN_BLOCK_CAPTURE_AUTORELEASING = YES;
				CLANG_WARN_BOOL_CONVERSION = YES;
				CLANG_WARN_COMMA = YES;
				CLANG_WARN_CONSTANT_CONVERSION = YES;
				CLANG_WARN_DEPRECATED_OBJC_IMPLEMENTATIONS = YES;
				CLANG_WARN_DIRECT_OBJC_ISA_USAGE = YES_ERROR;
				CLANG_WARN_DOCUMENTATION_COMMENTS = YES;
				CLANG_WARN_EMPTY_BODY = YES;
				CLANG_WARN_ENUM_CONVERSION = YES;
				CLANG_WARN_INFINITE_RECURSION = YES;
				CLANG_WARN_INT_CONVERSION = YES;
				CLANG_WARN_NON_LITERAL_NULL_CONVERSION = YES;
				CLANG_WARN_OBJC_IMPLICIT_RETAIN_SELF = YES;
				CLANG_WARN_OBJC_LITERAL_CONVERSION = YES;
				CLANG_WARN_OBJC_ROOT_CLASS = YES_ERROR;
				CLANG_WARN_QUOTED_INCLUDE_IN_FRAMEWORK_HEADER = YES;
				CLANG_WARN_RANGE_LOOP_ANALYSIS = YES;
				CLANG_WARN_STRICT_PROTOTYPES = YES;
				CLANG_WARN_SUSPICIOUS_MOVE = YES;
				CLANG_WARN_UNGUARDED_AVAILABILITY = YES_AGGRESSIVE;
				CLANG_WARN_UNREACHABLE_CODE = YES;
				CLANG_WARN__DUPLICATE_METHOD_MATCH = YES;
				COPY_PHASE_STRIP = NO;
				DEBUG_INFORMATION_FORMAT = dwarf;
				ENABLE_STRICT_OBJC_MSGSEND = YES;
				ENABLE_TESTABILITY = YES;
				ENABLE_USER_SCRIPT_SANDBOXING = YES;
				GCC_C_LANGUAGE_STANDARD = gnu11;
				GCC_DYNAMIC_NO_PIC = NO;
				GCC_NO_COMMON_BLOCKS = YES;
				GCC_OPTIMIZATION_LEVEL = 0;
				GCC_PREPROCESSOR_DEFINITIONS = (
					"DEBUG=1",
					"$(inherited)",
				);
				GCC_WARN_64_TO_32_BIT_CONVERSION = YES;
				GCC_WARN_ABOUT_RETURN_TYPE = YES_ERROR;
				GCC_WARN_UNDECLARED_SELECTOR = YES;
				GCC_WARN_UNINITIALIZED_AUTOS = YES_AGGRESSIVE;
				GCC_WARN_UNUSED_FUNCTION = YES;
				GCC_WARN_UNUSED_VARIABLE = YES;
				IPHONEOS_DEPLOYMENT_TARGET = 15.0;
				MTL_ENABLE_DEBUG_INFO = INCLUDE_SOURCE;
				MTL_FAST_MATH = YES;
				ONLY_ACTIVE_ARCH = YES;
				SDKROOT = iphoneos;
				SWIFT_ACTIVE_COMPILATION_CONDITIONS = DEBUG;
				SWIFT_OPTIMIZATION_LEVEL = "-Onone";
			};
			name = Debug;
		};
		71BB72DF2C9A403600138B14 /* Release */ = {
			isa = XCBuildConfiguration;
			buildSettings = {
				ALWAYS_SEARCH_USER_PATHS = NO;
				ASSETCATALOG_COMPILER_GENERATE_SWIFT_ASSET_SYMBOL_EXTENSIONS = YES;
				CLANG_ANALYZER_LOCALIZABILITY_NONLOCALIZED = YES;
				CLANG_ANALYZER_NONNULL = YES;
				CLANG_ANALYZER_NUMBER_OBJECT_CONVERSION = YES_AGGRESSIVE;
				CLANG_CXX_LANGUAGE_STANDARD = "gnu++17";
				CLANG_CXX_LIBRARY = "libc++";
				CLANG_ENABLE_MODULES = YES;
				CLANG_ENABLE_OBJC_ARC = YES;
				CLANG_ENABLE_OBJC_WEAK = YES;
				CLANG_WARN_BLOCK_CAPTURE_AUTORELEASING = YES;
				CLANG_WARN_BOOL_CONVERSION = YES;
				CLANG_WARN_COMMA = YES;
				CLANG_WARN_CONSTANT_CONVERSION = YES;
				CLANG_WARN_DEPRECATED_OBJC_IMPLEMENTATIONS = YES;
				CLANG_WARN_DIRECT_OBJC_ISA_USAGE = YES_ERROR;
				CLANG_WARN_DOCUMENTATION_COMMENTS = YES;
				CLANG_WARN_EMPTY_BODY = YES;
				CLANG_WARN_ENUM_CONVERSION = YES;
				CLANG_WARN_INFINITE_RECURSION = YES;
				CLANG_WARN_INT_CONVERSION = YES;
				CLANG_WARN_NON_LITERAL_NULL_CONVERSION = YES;
				CLANG_WARN_OBJC_IMPLICIT_RETAIN_SELF = YES;
				CLANG_WARN_OBJC_LITERAL_CONVERSION = YES;
				CLANG_WARN_OBJC_ROOT_CLASS = YES_ERROR;
				CLANG_WARN_QUOTED_INCLUDE_IN_FRAMEWORK_HEADER = YES;
				CLANG_WARN_RANGE_LOOP_ANALYSIS = YES;
				CLANG_WARN_STRICT_PROTOTYPES = YES;
				CLANG_WARN_SUSPICIOUS_MOVE = YES;
				CLANG_WARN_UNGUARDED_AVAILABILITY = YES_AGGRESSIVE;
				CLANG_WARN_UNREACHABLE_CODE = YES;
				CLANG_WARN__DUPLICATE_METHOD_MATCH = YES;
				COPY_PHASE_STRIP = NO;
				DEBUG_INFORMATION_FORMAT = "dwarf-with-dsym";
				ENABLE_NS_ASSERTIONS = NO;
				ENABLE_STRICT_OBJC_MSGSEND = YES;
				ENABLE_USER_SCRIPT_SANDBOXING = YES;
				GCC_C_LANGUAGE_STANDARD = gnu11;
				GCC_NO_COMMON_BLOCKS = YES;
				GCC_WARN_64_TO_32_BIT_CONVERSION = YES;
				GCC_WARN_ABOUT_RETURN_TYPE = YES_ERROR;
				GCC_WARN_UNDECLARED_SELECTOR = YES;
				GCC_WARN_UNINITIALIZED_AUTOS = YES_AGGRESSIVE;
				GCC_WARN_UNUSED_FUNCTION = YES;
				GCC_WARN_UNUSED_VARIABLE = YES;
				IPHONEOS_DEPLOYMENT_TARGET = 15.0;
				MTL_ENABLE_DEBUG_INFO = NO;
				MTL_FAST_MATH = YES;
				SDKROOT = iphoneos;
				SWIFT_COMPILATION_MODE = wholemodule;
				SWIFT_OPTIMIZATION_LEVEL = "-O";
				VALIDATE_PRODUCT = YES;
			};
			name = Release;
		};
		71BB72E12C9A403600138B14 /* Debug */ = {
			isa = XCBuildConfiguration;
			buildSettings = {
				ASSETCATALOG_COMPILER_APPICON_NAME = AppIcon;
				ASSETCATALOG_COMPILER_GLOBAL_ACCENT_COLOR_NAME = AccentColor;
				CODE_SIGN_STYLE = Automatic;
				CURRENT_PROJECT_VERSION = 15;
				DEVELOPMENT_ASSET_PATHS = "\"mon2engdict/Preview Content\"";
				DEVELOPMENT_TEAM = 86SZC8RRQ7;
				ENABLE_PREVIEWS = YES;
				GENERATE_INFOPLIST_FILE = YES;
				INFOPLIST_FILE = mon2engdict/Info.plist;
				INFOPLIST_KEY_UIApplicationSceneManifest_Generation = YES;
				INFOPLIST_KEY_UIApplicationSupportsIndirectInputEvents = YES;
				INFOPLIST_KEY_UILaunchScreen_Generation = YES;
				INFOPLIST_KEY_UILaunchStoryboardName = "Launch Screen.storyboard";
				INFOPLIST_KEY_UISupportedInterfaceOrientations_iPad = "UIInterfaceOrientationPortrait UIInterfaceOrientationPortraitUpsideDown UIInterfaceOrientationLandscapeLeft UIInterfaceOrientationLandscapeRight";
				INFOPLIST_KEY_UISupportedInterfaceOrientations_iPhone = "UIInterfaceOrientationPortrait UIInterfaceOrientationLandscapeLeft UIInterfaceOrientationLandscapeRight";
				IPHONEOS_DEPLOYMENT_TARGET = 15.0;
				LD_RUNPATH_SEARCH_PATHS = (
					"$(inherited)",
					"@executable_path/Frameworks",
				);
				MARKETING_VERSION = 2.0;
				PRODUCT_BUNDLE_IDENTIFIER = com.maraohnonpon.mon2engdict;
				PRODUCT_NAME = "$(TARGET_NAME)";
				SWIFT_EMIT_LOC_STRINGS = YES;
				SWIFT_VERSION = 5.0;
				TARGETED_DEVICE_FAMILY = "1,2";
			};
			name = Debug;
		};
		71BB72E22C9A403600138B14 /* Release */ = {
			isa = XCBuildConfiguration;
			buildSettings = {
				ASSETCATALOG_COMPILER_APPICON_NAME = AppIcon;
				ASSETCATALOG_COMPILER_GLOBAL_ACCENT_COLOR_NAME = AccentColor;
				CODE_SIGN_STYLE = Automatic;
				CURRENT_PROJECT_VERSION = 15;
				DEVELOPMENT_ASSET_PATHS = "\"mon2engdict/Preview Content\"";
				DEVELOPMENT_TEAM = 86SZC8RRQ7;
				ENABLE_PREVIEWS = YES;
				GENERATE_INFOPLIST_FILE = YES;
				INFOPLIST_FILE = mon2engdict/Info.plist;
				INFOPLIST_KEY_UIApplicationSceneManifest_Generation = YES;
				INFOPLIST_KEY_UIApplicationSupportsIndirectInputEvents = YES;
				INFOPLIST_KEY_UILaunchScreen_Generation = YES;
				INFOPLIST_KEY_UILaunchStoryboardName = "Launch Screen.storyboard";
				INFOPLIST_KEY_UISupportedInterfaceOrientations_iPad = "UIInterfaceOrientationPortrait UIInterfaceOrientationPortraitUpsideDown UIInterfaceOrientationLandscapeLeft UIInterfaceOrientationLandscapeRight";
				INFOPLIST_KEY_UISupportedInterfaceOrientations_iPhone = "UIInterfaceOrientationPortrait UIInterfaceOrientationLandscapeLeft UIInterfaceOrientationLandscapeRight";
				IPHONEOS_DEPLOYMENT_TARGET = 15.0;
				LD_RUNPATH_SEARCH_PATHS = (
					"$(inherited)",
					"@executable_path/Frameworks",
				);
				MARKETING_VERSION = 2.0;
				PRODUCT_BUNDLE_IDENTIFIER = com.maraohnonpon.mon2engdict;
				PRODUCT_NAME = "$(TARGET_NAME)";
				SWIFT_EMIT_LOC_STRINGS = YES;
				SWIFT_VERSION = 5.0;
				TARGETED_DEVICE_FAMILY = "1,2";
			};
			name = Release;
		};
/* End XCBuildConfiguration section */

/* Begin XCConfigurationList section */
		71BB72C82C9A403300138B14 /* Build configuration list for PBXProject "mon2engdict" */ = {
			isa = XCConfigurationList;
			buildConfigurations = (
				71BB72DE2C9A403600138B14 /* Debug */,
				71BB72DF2C9A403600138B14 /* Release */,
			);
			defaultConfigurationIsVisible = 0;
			defaultConfigurationName = Release;
		};
		71BB72E02C9A403600138B14 /* Build configuration list for PBXNativeTarget "mon2engdict" */ = {
			isa = XCConfigurationList;
			buildConfigurations = (
				71BB72E12C9A403600138B14 /* Debug */,
				71BB72E22C9A403600138B14 /* Release */,
			);
			defaultConfigurationIsVisible = 0;
			defaultConfigurationName = Release;
		};
/* End XCConfigurationList section */

/* Begin XCRemoteSwiftPackageReference section */
		71E57BAF2C9F0AEF00FE6AC7 /* XCRemoteSwiftPackageReference "swift-package-manager-google-mobile-ads" */ = {
			isa = XCRemoteSwiftPackageReference;
			repositoryURL = "https://github.com/googleads/swift-package-manager-google-mobile-ads.git";
			requirement = {
				kind = upToNextMajorVersion;
				minimumVersion = 11.10.0;
			};
		};
/* End XCRemoteSwiftPackageReference section */

/* Begin XCSwiftPackageProductDependency section */
		71E57BB02C9F0AEF00FE6AC7 /* GoogleMobileAds */ = {
			isa = XCSwiftPackageProductDependency;
			package = 71E57BAF2C9F0AEF00FE6AC7 /* XCRemoteSwiftPackageReference "swift-package-manager-google-mobile-ads" */;
			productName = GoogleMobileAds;
		};
/* End XCSwiftPackageProductDependency section */

/* Begin XCVersionGroup section */
		71BB72DB2C9A403600138B14 /* mon2engdict.xcdatamodeld */ = {
			isa = XCVersionGroup;
			children = (
				71BB72DC2C9A403600138B14 /* mon2engdict.xcdatamodel */,
			);
			currentVersion = 71BB72DC2C9A403600138B14 /* mon2engdict.xcdatamodel */;
			path = mon2engdict.xcdatamodeld;
			sourceTree = "<group>";
			versionGroupType = wrapper.xcdatamodel;
		};
/* End XCVersionGroup section */
	};
	rootObject = 71BB72C52C9A403300138B14 /* Project object */;
}
